
Microsoft Visual Studio Solution File, Format Version 12.00
# Visual Studio Version 16
VisualStudioVersion = 16.0.30717.126
MinimumVisualStudioVersion = 10.0.40219.1
Project("{FAE04EC0-301F-11D3-BF4B-00C04F79EFBC}") = "BookStore", "BookStore\BookStore.csproj", "{ED5F2A3F-62EA-4D17-9A0B-B84E681D8DBC}"
EndProject
Project("{FAE04EC0-301F-11D3-BF4B-00C04F79EFBC}") = "BookStore.Domain", "BookStore.Domain\BookStore.Domain.csproj", "{05AF44F2-7F0E-49BD-9C1B-022537628214}"
EndProject
Global
	GlobalSection(SolutionConfigurationPlatforms) = preSolution
		Debug|Any CPU = Debug|Any CPU
		Release|Any CPU = Release|Any CPU
	EndGlobalSection
	GlobalSection(ProjectConfigurationPlatforms) = postSolution
		{ED5F2A3F-62EA-4D17-9A0B-B84E681D8DBC}.Debug|Any CPU.ActiveCfg = Debug|Any CPU
		{ED5F2A3F-62EA-4D17-9A0B-B84E681D8DBC}.Debug|Any CPU.Build.0 = Debug|Any CPU
		{ED5F2A3F-62EA-4D17-9A0B-B84E681D8DBC}.Release|Any CPU.ActiveCfg = Release|Any CPU
		{ED5F2A3F-62EA-4D17-9A0B-B84E681D8DBC}.Release|Any CPU.Build.0 = Release|Any CPU
		{05AF44F2-7F0E-49BD-9C1B-022537628214}.Debug|Any CPU.ActiveCfg = Debug|Any CPU
		{05AF44F2-7F0E-49BD-9C1B-022537628214}.Debug|Any CPU.Build.0 = Debug|Any CPU
		{05AF44F2-7F0E-49BD-9C1B-022537628214}.Release|Any CPU.ActiveCfg = Release|Any CPU
		{05AF44F2-7F0E-49BD-9C1B-022537628214}.Release|Any CPU.Build.0 = Release|Any CPU
	EndGlobalSection
	GlobalSection(SolutionProperties) = preSolution
		HideSolutionNode = FALSE
	EndGlobalSection
	GlobalSection(ExtensibilityGlobals) = postSolution
		SolutionGuid = {9C2A88F5-E13C-41CE-B222-A875CAAC34A5}
	EndGlobalSection
EndGlobal
